
Microsoft Visual Studio Solution File, Format Version 12.00
# Visual Studio Version 17
VisualStudioVersion = 17.13.35913.81
MinimumVisualStudioVersion = 10.0.40219.1
Project("{FAE04EC0-301F-11D3-BF4B-00C04F79EFBC}") = "OrdersMicroservices.API", "OrdersMicroservices.API\OrdersMicroservices.API.csproj", "{6DC2F89F-3241-4B20-B1B1-04DBEEB5615F}"
EndProject
Project("{FAE04EC0-301F-11D3-BF4B-00C04F79EFBC}") = "BusinessLogicLayer", "BusinessLogicLayer\BusinessLogicLayer.csproj", "{1BF3050F-730E-4F4D-BEC7-AEA4412D7B56}"
EndProject
Project("{FAE04EC0-301F-11D3-BF4B-00C04F79EFBC}") = "DataAccessLayer", "DataAccessLayer\DataAccessLayer.csproj", "{C90754B5-EA21-4A50-AAB0-89A24A0E2D2F}"
EndProject
Project("{E53339B2-1760-4266-BCC7-CA923CBCF16C}") = "docker-compose", "docker-compose.dcproj", "{81DDED9D-158B-E303-5F62-77A2896D2A5A}"
EndProject
Global
	GlobalSection(SolutionConfigurationPlatforms) = preSolution
		Debug|Any CPU = Debug|Any CPU
		Release|Any CPU = Release|Any CPU
	EndGlobalSection
	GlobalSection(ProjectConfigurationPlatforms) = postSolution
		{6DC2F89F-3241-4B20-B1B1-04DBEEB5615F}.Debug|Any CPU.ActiveCfg = Debug|Any CPU
		{6DC2F89F-3241-4B20-B1B1-04DBEEB5615F}.Debug|Any CPU.Build.0 = Debug|Any CPU
		{6DC2F89F-3241-4B20-B1B1-04DBEEB5615F}.Release|Any CPU.ActiveCfg = Release|Any CPU
		{6DC2F89F-3241-4B20-B1B1-04DBEEB5615F}.Release|Any CPU.Build.0 = Release|Any CPU
		{1BF3050F-730E-4F4D-BEC7-AEA4412D7B56}.Debug|Any CPU.ActiveCfg = Debug|Any CPU
		{1BF3050F-730E-4F4D-BEC7-AEA4412D7B56}.Debug|Any CPU.Build.0 = Debug|Any CPU
		{1BF3050F-730E-4F4D-BEC7-AEA4412D7B56}.Release|Any CPU.ActiveCfg = Release|Any CPU
		{1BF3050F-730E-4F4D-BEC7-AEA4412D7B56}.Release|Any CPU.Build.0 = Release|Any CPU
		{C90754B5-EA21-4A50-AAB0-89A24A0E2D2F}.Debug|Any CPU.ActiveCfg = Debug|Any CPU
		{C90754B5-EA21-4A50-AAB0-89A24A0E2D2F}.Debug|Any CPU.Build.0 = Debug|Any CPU
		{C90754B5-EA21-4A50-AAB0-89A24A0E2D2F}.Release|Any CPU.ActiveCfg = Release|Any CPU
		{C90754B5-EA21-4A50-AAB0-89A24A0E2D2F}.Release|Any CPU.Build.0 = Release|Any CPU
		{81DDED9D-158B-E303-5F62-77A2896D2A5A}.Debug|Any CPU.ActiveCfg = Debug|Any CPU
		{81DDED9D-158B-E303-5F62-77A2896D2A5A}.Debug|Any CPU.Build.0 = Debug|Any CPU
		{81DDED9D-158B-E303-5F62-77A2896D2A5A}.Release|Any CPU.ActiveCfg = Release|Any CPU
		{81DDED9D-158B-E303-5F62-77A2896D2A5A}.Release|Any CPU.Build.0 = Release|Any CPU
	EndGlobalSection
	GlobalSection(SolutionProperties) = preSolution
		HideSolutionNode = FALSE
	EndGlobalSection
	GlobalSection(ExtensibilityGlobals) = postSolution
		SolutionGuid = {11D6F66B-132E-4F92-B843-EF4E2787036B}
	EndGlobalSection
EndGlobal
